// !$*UTF8*$!
{
	archiveVersion = 1;
	classes = {
	};
	objectVersion = 48;
	objects = {

/* Begin PBXBuildFile section */
		850775E41FFB641200741C02 /* AppDelegate.m in Sources */ = {isa = PBXBuildFile; fileRef = 850775E31FFB641200741C02 /* AppDelegate.m */; };
		850775E71FFB641200741C02 /* ViewController.m in Sources */ = {isa = PBXBuildFile; fileRef = 850775E61FFB641200741C02 /* ViewController.m */; };
		850775EA1FFB641200741C02 /* Main.storyboard in Resources */ = {isa = PBXBuildFile; fileRef = 850775E81FFB641200741C02 /* Main.storyboard */; };
		850775EC1FFB641200741C02 /* Assets.xcassets in Resources */ = {isa = PBXBuildFile; fileRef = 850775EB1FFB641200741C02 /* Assets.xcassets */; };
		850775EF1FFB641200741C02 /* LaunchScreen.storyboard in Resources */ = {isa = PBXBuildFile; fileRef = 850775ED1FFB641200741C02 /* LaunchScreen.storyboard */; };
		850775F21FFB641200741C02 /* main.m in Sources */ = {isa = PBXBuildFile; fileRef = 850775F11FFB641200741C02 /* main.m */; };
		850775FC1FFB641200741C02 /* HWQRemindUtilTests.m in Sources */ = {isa = PBXBuildFile; fileRef = 850775FB1FFB641200741C02 /* HWQRemindUtilTests.m */; };
		850776071FFB641200741C02 /* HWQRemindUtilUITests.m in Sources */ = {isa = PBXBuildFile; fileRef = 850776061FFB641200741C02 /* HWQRemindUtilUITests.m */; };
/* End PBXBuildFile section */

/* Begin PBXContainerItemProxy section */
		850775F81FFB641200741C02 /* PBXContainerItemProxy */ = {
			isa = PBXContainerItemProxy;
			containerPortal = 850775D71FFB641100741C02 /* Project object */;
			proxyType = 1;
			remoteGlobalIDString = 850775DE1FFB641100741C02;
			remoteInfo = HWQRemindUtil;
		};
		850776031FFB641200741C02 /* PBXContainerItemProxy */ = {
			isa = PBXContainerItemProxy;
			containerPortal = 850775D71FFB641100741C02 /* Project object */;
			proxyType = 1;
			remoteGlobalIDString = 850775DE1FFB641100741C02;
			remoteInfo = HWQRemindUtil;
		};
/* End PBXContainerItemProxy section */

/* Begin PBXFileReference section */
		850775DF1FFB641100741C02 /* HWQRemindUtil.app */ = {isa = PBXFileReference; explicitFileType = wrapper.application; includeInIndex = 0; path = HWQRemindUtil.app; sourceTree = BUILT_PRODUCTS_DIR; };
		850775E21FFB641100741C02 /* AppDelegate.h */ = {isa = PBXFileReference; lastKnownFileType = sourcecode.c.h; path = AppDelegate.h; sourceTree = "<group>"; };
		850775E31FFB641200741C02 /* AppDelegate.m */ = {isa = PBXFileReference; lastKnownFileType = sourcecode.c.objc; path = AppDelegate.m; sourceTree = "<group>"; };
		850775E51FFB641200741C02 /* ViewController.h */ = {isa = PBXFileReference; lastKnownFileType = sourcecode.c.h; path = ViewController.h; sourceTree = "<group>"; };
		850775E61FFB641200741C02 /* ViewController.m */ = {isa = PBXFileReference; lastKnownFileType = sourcecode.c.objc; path = ViewController.m; sourceTree = "<group>"; };
		850775E91FFB641200741C02 /* Base */ = {isa = PBXFileReference; lastKnownFileType = file.storyboard; name = Base; path = Base.lproj/Main.storyboard; sourceTree = "<group>"; };
		850775EB1FFB641200741C02 /* Assets.xcassets */ = {isa = PBXFileReference; lastKnownFileType = folder.assetcatalog; path = Assets.xcassets; sourceTree = "<group>"; };
		850775EE1FFB641200741C02 /* Base */ = {isa = PBXFileReference; lastKnownFileType = file.storyboard; name = Base; path = Base.lproj/LaunchScreen.storyboard; sourceTree = "<group>"; };
		850775F01FFB641200741C02 /* Info.plist */ = {isa = PBXFileReference; lastKnownFileType = text.plist.xml; path = Info.plist; sourceTree = "<group>"; };
		850775F11FFB641200741C02 /* main.m */ = {isa = PBXFileReference; lastKnownFileType = sourcecode.c.objc; path = main.m; sourceTree = "<group>"; };
		850775F71FFB641200741C02 /* HWQRemindUtilTests.xctest */ = {isa = PBXFileReference; explicitFileType = wrapper.cfbundle; includeInIndex = 0; path = HWQRemindUtilTests.xctest; sourceTree = BUILT_PRODUCTS_DIR; };
		850775FB1FFB641200741C02 /* HWQRemindUtilTests.m */ = {isa = PBXFileReference; lastKnownFileType = sourcecode.c.objc; path = HWQRemindUtilTests.m; sourceTree = "<group>"; };
		850775FD1FFB641200741C02 /* Info.plist */ = {isa = PBXFileReference; lastKnownFileType = text.plist.xml; path = Info.plist; sourceTree = "<group>"; };
		850776021FFB641200741C02 /* HWQRemindUtilUITests.xctest */ = {isa = PBXFileReference; explicitFileType = wrapper.cfbundle; includeInIndex = 0; path = HWQRemindUtilUITests.xctest; sourceTree = BUILT_PRODUCTS_DIR; };
		850776061FFB641200741C02 /* HWQRemindUtilUITests.m */ = {isa = PBXFileReference; lastKnownFileType = sourcecode.c.objc; path = HWQRemindUtilUITests.m; sourceTree = "<group>"; };
		850776081FFB641200741C02 /* Info.plist */ = {isa = PBXFileReference; lastKnownFileType = text.plist.xml; path = Info.plist; sourceTree = "<group>"; };
/* End PBXFileReference section */

/* Begin PBXFrameworksBuildPhase section */
		850775DC1FFB641100741C02 /* Frameworks */ = {
			isa = PBXFrameworksBuildPhase;
			buildActionMask = 2147483647;
			files = (
			);
			runOnlyForDeploymentPostprocessing = 0;
		};
		850775F41FFB641200741C02 /* Frameworks */ = {
			isa = PBXFrameworksBuildPhase;
			buildActionMask = 2147483647;
			files = (
			);
			runOnlyForDeploymentPostprocessing = 0;
		};
		850775FF1FFB641200741C02 /* Frameworks */ = {
			isa = PBXFrameworksBuildPhase;
			buildActionMask = 2147483647;
			files = (
			);
			runOnlyForDeploymentPostprocessing = 0;
		};
/* End PBXFrameworksBuildPhase section */

/* Begin PBXGroup section */
		850775D61FFB641100741C02 = {
			isa = PBXGroup;
			children = (
				850775E11FFB641100741C02 /* HWQRemindUtil */,
				850775FA1FFB641200741C02 /* HWQRemindUtilTests */,
				850776051FFB641200741C02 /* HWQRemindUtilUITests */,
				850775E01FFB641100741C02 /* Products */,
			);
			sourceTree = "<group>";
		};
		850775E01FFB641100741C02 /* Products */ = {
			isa = PBXGroup;
			children = (
				850775DF1FFB641100741C02 /* HWQRemindUtil.app */,
				850775F71FFB641200741C02 /* HWQRemindUtilTests.xctest */,
				850776021FFB641200741C02 /* HWQRemindUtilUITests.xctest */,
			);
			name = Products;
			sourceTree = "<group>";
		};
		850775E11FFB641100741C02 /* HWQRemindUtil */ = {
			isa = PBXGroup;
			children = (
				850775E21FFB641100741C02 /* AppDelegate.h */,
				850775E31FFB641200741C02 /* AppDelegate.m */,
				850775E51FFB641200741C02 /* ViewController.h */,
				850775E61FFB641200741C02 /* ViewController.m */,
				850775E81FFB641200741C02 /* Main.storyboard */,
				850775EB1FFB641200741C02 /* Assets.xcassets */,
				850775ED1FFB641200741C02 /* LaunchScreen.storyboard */,
				850775F01FFB641200741C02 /* Info.plist */,
				850775F11FFB641200741C02 /* main.m */,
			);
			path = HWQRemindUtil;
			sourceTree = "<group>";
		};
		850775FA1FFB641200741C02 /* HWQRemindUtilTests */ = {
			isa = PBXGroup;
			children = (
				850775FB1FFB641200741C02 /* HWQRemindUtilTests.m */,
				850775FD1FFB641200741C02 /* Info.plist */,
			);
			path = HWQRemindUtilTests;
			sourceTree = "<group>";
		};
		850776051FFB641200741C02 /* HWQRemindUtilUITests */ = {
			isa = PBXGroup;
			children = (
				850776061FFB641200741C02 /* HWQRemindUtilUITests.m */,
				850776081FFB641200741C02 /* Info.plist */,
			);
			path = HWQRemindUtilUITests;
			sourceTree = "<group>";
		};
/* End PBXGroup section */

/* Begin PBXNativeTarget section */
		850775DE1FFB641100741C02 /* HWQRemindUtil */ = {
			isa = PBXNativeTarget;
			buildConfigurationList = 8507760B1FFB641200741C02 /* Build configuration list for PBXNativeTarget "HWQRemindUtil" */;
			buildPhases = (
				850775DB1FFB641100741C02 /* Sources */,
				850775DC1FFB641100741C02 /* Frameworks */,
				850775DD1FFB641100741C02 /* Resources */,
			);
			buildRules = (
			);
			dependencies = (
			);
			name = HWQRemindUtil;
			productName = HWQRemindUtil;
			productReference = 850775DF1FFB641100741C02 /* HWQRemindUtil.app */;
			productType = "com.apple.product-type.application";
		};
		850775F61FFB641200741C02 /* HWQRemindUtilTests */ = {
			isa = PBXNativeTarget;
			buildConfigurationList = 8507760E1FFB641200741C02 /* Build configuration list for PBXNativeTarget "HWQRemindUtilTests" */;
			buildPhases = (
				850775F31FFB641200741C02 /* Sources */,
				850775F41FFB641200741C02 /* Frameworks */,
				850775F51FFB641200741C02 /* Resources */,
			);
			buildRules = (
			);
			dependencies = (
				850775F91FFB641200741C02 /* PBXTargetDependency */,
			);
			name = HWQRemindUtilTests;
			productName = HWQRemindUtilTests;
			productReference = 850775F71FFB641200741C02 /* HWQRemindUtilTests.xctest */;
			productType = "com.apple.product-type.bundle.unit-test";
		};
		850776011FFB641200741C02 /* HWQRemindUtilUITests */ = {
			isa = PBXNativeTarget;
			buildConfigurationList = 850776111FFB641200741C02 /* Build configuration list for PBXNativeTarget "HWQRemindUtilUITests" */;
			buildPhases = (
				850775FE1FFB641200741C02 /* Sources */,
				850775FF1FFB641200741C02 /* Frameworks */,
				850776001FFB641200741C02 /* Resources */,
			);
			buildRules = (
			);
			dependencies = (
				850776041FFB641200741C02 /* PBXTargetDependency */,
			);
			name = HWQRemindUtilUITests;
			productName = HWQRemindUtilUITests;
			productReference = 850776021FFB641200741C02 /* HWQRemindUtilUITests.xctest */;
			productType = "com.apple.product-type.bundle.ui-testing";
		};
/* End PBXNativeTarget section */

/* Begin PBXProject section */
		850775D71FFB641100741C02 /* Project object */ = {
			isa = PBXProject;
			attributes = {
				LastUpgradeCheck = 0910;
				ORGANIZATIONNAME = hwq;
				TargetAttributes = {
					850775DE1FFB641100741C02 = {
						CreatedOnToolsVersion = 9.1;
						ProvisioningStyle = Automatic;
					};
					850775F61FFB641200741C02 = {
						CreatedOnToolsVersion = 9.1;
						ProvisioningStyle = Automatic;
						TestTargetID = 850775DE1FFB641100741C02;
					};
					850776011FFB641200741C02 = {
						CreatedOnToolsVersion = 9.1;
						ProvisioningStyle = Automatic;
						TestTargetID = 850775DE1FFB641100741C02;
					};
				};
			};
			buildConfigurationList = 850775DA1FFB641100741C02 /* Build configuration list for PBXProject "HWQRemindUtil" */;
			compatibilityVersion = "Xcode 8.0";
			developmentRegion = en;
			hasScannedForEncodings = 0;
			knownRegions = (
				en,
				Base,
			);
			mainGroup = 850775D61FFB641100741C02;
			productRefGroup = 850775E01FFB641100741C02 /* Products */;
			projectDirPath = "";
			projectRoot = "";
			targets = (
				850775DE1FFB641100741C02 /* HWQRemindUtil */,
				850775F61FFB641200741C02 /* HWQRemindUtilTests */,
				850776011FFB641200741C02 /* HWQRemindUtilUITests */,
			);
		};
/* End PBXProject section */

/* Begin PBXResourcesBuildPhase section */
		850775DD1FFB641100741C02 /* Resources */ = {
			isa = PBXResourcesBuildPhase;
			buildActionMask = 2147483647;
			files = (
				850775EF1FFB641200741C02 /* LaunchScreen.storyboard in Resources */,
				850775EC1FFB641200741C02 /* Assets.xcassets in Resources */,
				850775EA1FFB641200741C02 /* Main.storyboard in Resources */,
			);
			runOnlyForDeploymentPostprocessing = 0;
		};
		850775F51FFB641200741C02 /* Resources */ = {
			isa = PBXResourcesBuildPhase;
			buildActionMask = 2147483647;
			files = (
			);
			runOnlyForDeploymentPostprocessing = 0;
		};
		850776001FFB641200741C02 /* Resources */ = {
			isa = PBXResourcesBuildPhase;
			buildActionMask = 2147483647;
			files = (
			);
			runOnlyForDeploymentPostprocessing = 0;
		};
/* End PBXResourcesBuildPhase section */

/* Begin PBXSourcesBuildPhase section */
		850775DB1FFB641100741C02 /* Sources */ = {
			isa = PBXSourcesBuildPhase;
			buildActionMask = 2147483647;
			files = (
				850775E71FFB641200741C02 /* ViewController.m in Sources */,
				850775F21FFB641200741C02 /* main.m in Sources */,
				850775E41FFB641200741C02 /* AppDelegate.m in Sources */,
			);
			runOnlyForDeploymentPostprocessing = 0;
		};
		850775F31FFB641200741C02 /* Sources */ = {
			isa = PBXSourcesBuildPhase;
			buildActionMask = 2147483647;
			files = (
				850775FC1FFB641200741C02 /* HWQRemindUtilTests.m in Sources */,
			);
			runOnlyForDeploymentPostprocessing = 0;
		};
		850775FE1FFB641200741C02 /* Sources */ = {
			isa = PBXSourcesBuildPhase;
			buildActionMask = 2147483647;
			files = (
				850776071FFB641200741C02 /* HWQRemindUtilUITests.m in Sources */,
			);
			runOnlyForDeploymentPostprocessing = 0;
		};
/* End PBXSourcesBuildPhase section */

/* Begin PBXTargetDependency section */
		850775F91FFB641200741C02 /* PBXTargetDependency */ = {
			isa = PBXTargetDependency;
			target = 850775DE1FFB641100741C02 /* HWQRemindUtil */;
			targetProxy = 850775F81FFB641200741C02 /* PBXContainerItemProxy */;
		};
		850776041FFB641200741C02 /* PBXTargetDependency */ = {
			isa = PBXTargetDependency;
			target = 850775DE1FFB641100741C02 /* HWQRemindUtil */;
			targetProxy = 850776031FFB641200741C02 /* PBXContainerItemProxy */;
		};
/* End PBXTargetDependency section */

/* Begin PBXVariantGroup section */
		850775E81FFB641200741C02 /* Main.storyboard */ = {
			isa = PBXVariantGroup;
			children = (
				850775E91FFB641200741C02 /* Base */,
			);
			name = Main.storyboard;
			sourceTree = "<group>";
		};
		850775ED1FFB641200741C02 /* LaunchScreen.storyboard */ = {
			isa = PBXVariantGroup;
			children = (
				850775EE1FFB641200741C02 /* Base */,
			);
			name = LaunchScreen.storyboard;
			sourceTree = "<group>";
		};
/* End PBXVariantGroup section */

/* Begin XCBuildConfiguration section */
		850776091FFB641200741C02 /* Debug */ = {
			isa = XCBuildConfiguration;
			buildSettings = {
				ALWAYS_SEARCH_USER_PATHS = NO;
				CLANG_ANALYZER_NONNULL = YES;
				CLANG_ANALYZER_NUMBER_OBJECT_CONVERSION = YES_AGGRESSIVE;
				CLANG_CXX_LANGUAGE_STANDARD = "gnu++14";
				CLANG_CXX_LIBRARY = "libc++";
				CLANG_ENABLE_MODULES = YES;
				CLANG_ENABLE_OBJC_ARC = YES;
				CLANG_WARN_BLOCK_CAPTURE_AUTORELEASING = YES;
				CLANG_WARN_BOOL_CONVERSION = YES;
				CLANG_WARN_COMMA = YES;
				CLANG_WARN_CONSTANT_CONVERSION = YES;
				CLANG_WARN_DIRECT_OBJC_ISA_USAGE = YES_ERROR;
				CLANG_WARN_DOCUMENTATION_COMMENTS = YES;
				CLANG_WARN_EMPTY_BODY = YES;
				CLANG_WARN_ENUM_CONVERSION = YES;
				CLANG_WARN_INFINITE_RECURSION = YES;
				CLANG_WARN_INT_CONVERSION = YES;
				CLANG_WARN_NON_LITERAL_NULL_CONVERSION = YES;
				CLANG_WARN_OBJC_LITERAL_CONVERSION = YES;
				CLANG_WARN_OBJC_ROOT_CLASS = YES_ERROR;
				CLANG_WARN_RANGE_LOOP_ANALYSIS = YES;
				CLANG_WARN_STRICT_PROTOTYPES = YES;
				CLANG_WARN_SUSPICIOUS_MOVE = YES;
				CLANG_WARN_UNGUARDED_AVAILABILITY = YES_AGGRESSIVE;
				CLANG_WARN_UNREACHABLE_CODE = YES;
				CLANG_WARN__DUPLICATE_METHOD_MATCH = YES;
				CODE_SIGN_IDENTITY = "iPhone Developer";
				COPY_PHASE_STRIP = NO;
				DEBUG_INFORMATION_FORMAT = dwarf;
				ENABLE_STRICT_OBJC_MSGSEND = YES;
				ENABLE_TESTABILITY = YES;
				GCC_C_LANGUAGE_STANDARD = gnu11;
				GCC_DYNAMIC_NO_PIC = NO;
				GCC_NO_COMMON_BLOCKS = YES;
				GCC_OPTIMIZATION_LEVEL = 0;
				GCC_PREPROCESSOR_DEFINITIONS = (
					"DEBUG=1",
					"$(inherited)",
				);
				GCC_WARN_64_TO_32_BIT_CONVERSION = YES;
				GCC_WARN_ABOUT_RETURN_TYPE = YES_ERROR;
				GCC_WARN_UNDECLARED_SELECTOR = YES;
				GCC_WARN_UNINITIALIZED_AUTOS = YES_AGGRESSIVE;
				GCC_WARN_UNUSED_FUNCTION = YES;
				GCC_WARN_UNUSED_VARIABLE = YES;
				IPHONEOS_DEPLOYMENT_TARGET = 11.1;
				MTL_ENABLE_DEBUG_INFO = YES;
				ONLY_ACTIVE_ARCH = YES;
				SDKROOT = iphoneos;
			};
			name = Debug;
		};
		8507760A1FFB641200741C02 /* Release */ = {
			isa = XCBuildConfiguration;
			buildSettings = {
				ALWAYS_SEARCH_USER_PATHS = NO;
				CLANG_ANALYZER_NONNULL = YES;
				CLANG_ANALYZER_NUMBER_OBJECT_CONVERSION = YES_AGGRESSIVE;
				CLANG_CXX_LANGUAGE_STANDARD = "gnu++14";
				CLANG_CXX_LIBRARY = "libc++";
				CLANG_ENABLE_MODULES = YES;
				CLANG_ENABLE_OBJC_ARC = YES;
				CLANG_WARN_BLOCK_CAPTURE_AUTORELEASING = YES;
				CLANG_WARN_BOOL_CONVERSION = YES;
				CLANG_WARN_COMMA = YES;
				CLANG_WARN_CONSTANT_CONVERSION = YES;
				CLANG_WARN_DIRECT_OBJC_ISA_USAGE = YES_ERROR;
				CLANG_WARN_DOCUMENTATION_COMMENTS = YES;
				CLANG_WARN_EMPTY_BODY = YES;
				CLANG_WARN_ENUM_CONVERSION = YES;
				CLANG_WARN_INFINITE_RECURSION = YES;
				CLANG_WARN_INT_CONVERSION = YES;
				CLANG_WARN_NON_LITERAL_NULL_CONVERSION = YES;
				CLANG_WARN_OBJC_LITERAL_CONVERSION = YES;
				CLANG_WARN_OBJC_ROOT_CLASS = YES_ERROR;
				CLANG_WARN_RANGE_LOOP_ANALYSIS = YES;
				CLANG_WARN_STRICT_PROTOTYPES = YES;
				CLANG_WARN_SUSPICIOUS_MOVE = YES;
				CLANG_WARN_UNGUARDED_AVAILABILITY = YES_AGGRESSIVE;
				CLANG_WARN_UNREACHABLE_CODE = YES;
				CLANG_WARN__DUPLICATE_METHOD_MATCH = YES;
				CODE_SIGN_IDENTITY = "iPhone Developer";
				COPY_PHASE_STRIP = NO;
				DEBUG_INFORMATION_FORMAT = "dwarf-with-dsym";
				ENABLE_NS_ASSERTIONS = NO;
				ENABLE_STRICT_OBJC_MSGSEND = YES;
				GCC_C_LANGUAGE_STANDARD = gnu11;
				GCC_NO_COMMON_BLOCKS = YES;
				GCC_WARN_64_TO_32_BIT_CONVERSION = YES;
				GCC_WARN_ABOUT_RETURN_TYPE = YES_ERROR;
				GCC_WARN_UNDECLARED_SELECTOR = YES;
				GCC_WARN_UNINITIALIZED_AUTOS = YES_AGGRESSIVE;
				GCC_WARN_UNUSED_FUNCTION = YES;
				GCC_WARN_UNUSED_VARIABLE = YES;
				IPHONEOS_DEPLOYMENT_TARGET = 11.1;
				MTL_ENABLE_DEBUG_INFO = NO;
				SDKROOT = iphoneos;
				VALIDATE_PRODUCT = YES;
			};
			name = Release;
		};
		8507760C1FFB641200741C02 /* Debug */ = {
			isa = XCBuildConfiguration;
			buildSettings = {
				ASSETCATALOG_COMPILER_APPICON_NAME = AppIcon;
				CODE_SIGN_STYLE = Automatic;
				DEVELOPMENT_TEAM = 55RFX6KFS7;
				INFOPLIST_FILE = HWQRemindUtil/Info.plist;
				LD_RUNPATH_SEARCH_PATHS = "$(inherited) @executable_path/Frameworks";
				PRODUCT_BUNDLE_IDENTIFIER = com.hwq.HWQRemindUtil;
				PRODUCT_NAME = "$(TARGET_NAME)";
				TARGETED_DEVICE_FAMILY = "1,2";
			};
			name = Debug;
		};
		8507760D1FFB641200741C02 /* Release */ = {
			isa = XCBuildConfiguration;
			buildSettings = {
				ASSETCATALOG_COMPILER_APPICON_NAME = AppIcon;
				CODE_SIGN_STYLE = Automatic;
				DEVELOPMENT_TEAM = 55RFX6KFS7;
				INFOPLIST_FILE = HWQRemindUtil/Info.plist;
				LD_RUNPATH_SEARCH_PATHS = "$(inherited) @executable_path/Frameworks";
				PRODUCT_BUNDLE_IDENTIFIER = com.hwq.HWQRemindUtil;
				PRODUCT_NAME = "$(TARGET_NAME)";
				TARGETED_DEVICE_FAMILY = "1,2";
			};
			name = Release;
		};
		8507760F1FFB641200741C02 /* Debug */ = {
			isa = XCBuildConfiguration;
			buildSettings = {
				BUNDLE_LOADER = "$(TEST_HOST)";
				CODE_SIGN_STYLE = Automatic;
				DEVELOPMENT_TEAM = 55RFX6KFS7;
				INFOPLIST_FILE = HWQRemindUtilTests/Info.plist;
				LD_RUNPATH_SEARCH_PATHS = "$(inherited) @executable_path/Frameworks @loader_path/Frameworks";
				PRODUCT_BUNDLE_IDENTIFIER = com.hwq.HWQRemindUtilTests;
				PRODUCT_NAME = "$(TARGET_NAME)";
				TARGETED_DEVICE_FAMILY = "1,2";
				TEST_HOST = "$(BUILT_PRODUCTS_DIR)/HWQRemindUtil.app/HWQRemindUtil";
			};
			name = Debug;
		};
		850776101FFB641200741C02 /* Release */ = {
			isa = XCBuildConfiguration;
			buildSettings = {
				BUNDLE_LOADER = "$(TEST_HOST)";
				CODE_SIGN_STYLE = Automatic;
				DEVELOPMENT_TEAM = 55RFX6KFS7;
				INFOPLIST_FILE = HWQRemindUtilTests/Info.plist;
				LD_RUNPATH_SEARCH_PATHS = "$(inherited) @executable_path/Frameworks @loader_path/Frameworks";
				PRODUCT_BUNDLE_IDENTIFIER = com.hwq.HWQRemindUtilTests;
				PRODUCT_NAME = "$(TARGET_NAME)";
				TARGETED_DEVICE_FAMILY = "1,2";
				TEST_HOST = "$(BUILT_PRODUCTS_DIR)/HWQRemindUtil.app/HWQRemindUtil";
			};
			name = Release;
		};
		850776121FFB641200741C02 /* Debug */ = {
			isa = XCBuildConfiguration;
			buildSettings = {
				CODE_SIGN_STYLE = Automatic;
				DEVELOPMENT_TEAM = 55RFX6KFS7;
				INFOPLIST_FILE = HWQRemindUtilUITests/Info.plist;
				LD_RUNPATH_SEARCH_PATHS = "$(inherited) @executable_path/Frameworks @loader_path/Frameworks";
				PRODUCT_BUNDLE_IDENTIFIER = com.hwq.HWQRemindUtilUITests;
				PRODUCT_NAME = "$(TARGET_NAME)";
				TARGETED_DEVICE_FAMILY = "1,2";
				TEST_TARGET_NAME = HWQRemindUtil;
			};
			name = Debug;
		};
		850776131FFB641200741C02 /* Release */ = {
			isa = XCBuildConfiguration;
			buildSettings = {
				CODE_SIGN_STYLE = Automatic;
				DEVELOPMENT_TEAM = 55RFX6KFS7;
				INFOPLIST_FILE = HWQRemindUtilUITests/Info.plist;
				LD_RUNPATH_SEARCH_PATHS = "$(inherited) @executable_path/Frameworks @loader_path/Frameworks";
				PRODUCT_BUNDLE_IDENTIFIER = com.hwq.HWQRemindUtilUITests;
				PRODUCT_NAME = "$(TARGET_NAME)";
				TARGETED_DEVICE_FAMILY = "1,2";
				TEST_TARGET_NAME = HWQRemindUtil;
			};
			name = Release;
		};
/* End XCBuildConfiguration section */

/* Begin XCConfigurationList section */
		850775DA1FFB641100741C02 /* Build configuration list for PBXProject "HWQRemindUtil" */ = {
			isa = XCConfigurationList;
			buildConfigurations = (
				850776091FFB641200741C02 /* Debug */,
				8507760A1FFB641200741C02 /* Release */,
			);
			defaultConfigurationIsVisible = 0;
			defaultConfigurationName = Release;
		};
		8507760B1FFB641200741C02 /* Build configuration list for PBXNativeTarget "HWQRemindUtil" */ = {
			isa = XCConfigurationList;
			buildConfigurations = (
				8507760C1FFB641200741C02 /* Debug */,
				8507760D1FFB641200741C02 /* Release */,
			);
			defaultConfigurationIsVisible = 0;
			defaultConfigurationName = Release;
		};
		8507760E1FFB641200741C02 /* Build configuration list for PBXNativeTarget "HWQRemindUtilTests" */ = {
			isa = XCConfigurationList;
			buildConfigurations = (
				8507760F1FFB641200741C02 /* Debug */,
				850776101FFB641200741C02 /* Release */,
			);
			defaultConfigurationIsVisible = 0;
			defaultConfigurationName = Release;
		};
		850776111FFB641200741C02 /* Build configuration list for PBXNativeTarget "HWQRemindUtilUITests" */ = {
			isa = XCConfigurationList;
			buildConfigurations = (
				850776121FFB641200741C02 /* Debug */,
				850776131FFB641200741C02 /* Release */,
			);
			defaultConfigurationIsVisible = 0;
			defaultConfigurationName = Release;
		};
/* End XCConfigurationList section */
	};
	rootObject = 850775D71FFB641100741C02 /* Project object */;
}
